
Microsoft Visual Studio Solution File, Format Version 12.00
# Visual Studio Version 17
VisualStudioVersion = 17.14.36518.9
MinimumVisualStudioVersion = 10.0.40219.1
Project("{FAE04EC0-301F-11D3-BF4B-00C04F79EFBC}") = "Agenda_Cons", "Aganda_Cons\Agenda_Cons.csproj", "{7B5AA733-A076-41BF-A62E-CBE28F9FD6A5}"
EndProject
Project("{FAE04EC0-301F-11D3-BF4B-00C04F79EFBC}") = "Agenda_Models", "Agenda_Models\Agenda_Models.csproj", "{D55AA165-4D0D-46E5-B62A-1CEF6082C306}"
EndProject
Project("{FAE04EC0-301F-11D3-BF4B-00C04F79EFBC}") = "Agenda_WPF", "Agenda_WPF\Agenda_WPF.csproj", "{F9DD6BAE-D82E-4180-BD21-54110A18A966}"
EndProject
Global
	GlobalSection(SolutionConfigurationPlatforms) = preSolution
		Debug|Any CPU = Debug|Any CPU
		Release|Any CPU = Release|Any CPU
	EndGlobalSection
	GlobalSection(ProjectConfigurationPlatforms) = postSolution
		{7B5AA733-A076-41BF-A62E-CBE28F9FD6A5}.Debug|Any CPU.ActiveCfg = Debug|Any CPU
		{7B5AA733-A076-41BF-A62E-CBE28F9FD6A5}.Debug|Any CPU.Build.0 = Debug|Any CPU
		{7B5AA733-A076-41BF-A62E-CBE28F9FD6A5}.Release|Any CPU.ActiveCfg = Release|Any CPU
		{7B5AA733-A076-41BF-A62E-CBE28F9FD6A5}.Release|Any CPU.Build.0 = Release|Any CPU
		{D55AA165-4D0D-46E5-B62A-1CEF6082C306}.Debug|Any CPU.ActiveCfg = Debug|Any CPU
		{D55AA165-4D0D-46E5-B62A-1CEF6082C306}.Debug|Any CPU.Build.0 = Debug|Any CPU
		{D55AA165-4D0D-46E5-B62A-1CEF6082C306}.Release|Any CPU.ActiveCfg = Release|Any CPU
		{D55AA165-4D0D-46E5-B62A-1CEF6082C306}.Release|Any CPU.Build.0 = Release|Any CPU
		{F9DD6BAE-D82E-4180-BD21-54110A18A966}.Debug|Any CPU.ActiveCfg = Debug|Any CPU
		{F9DD6BAE-D82E-4180-BD21-54110A18A966}.Debug|Any CPU.Build.0 = Debug|Any CPU
		{F9DD6BAE-D82E-4180-BD21-54110A18A966}.Release|Any CPU.ActiveCfg = Release|Any CPU
		{F9DD6BAE-D82E-4180-BD21-54110A18A966}.Release|Any CPU.Build.0 = Release|Any CPU
	EndGlobalSection
	GlobalSection(SolutionProperties) = preSolution
		HideSolutionNode = FALSE
	EndGlobalSection
	GlobalSection(ExtensibilityGlobals) = postSolution
		SolutionGuid = {7B983D1B-939E-47AE-8499-B84FE28109A6}
	EndGlobalSection
EndGlobal
